
Microsoft Visual Studio Solution File, Format Version 12.00
# Visual Studio 15
VisualStudioVersion = 15.0.28307.572
MinimumVisualStudioVersion = 10.0.40219.1
Project("{FAE04EC0-301F-11D3-BF4B-00C04F79EFBC}") = "Progetto8(Boids)", "Progetto8(Boids)\Progetto8(Boids).csproj", "{72218276-C03B-4908-BF7C-C42015585908}"
EndProject
Global
	GlobalSection(SolutionConfigurationPlatforms) = preSolution
		Debug|Any CPU = Debug|Any CPU
		Release|Any CPU = Release|Any CPU
	EndGlobalSection
	GlobalSection(ProjectConfigurationPlatforms) = postSolution
		{72218276-C03B-4908-BF7C-C42015585908}.Debug|Any CPU.ActiveCfg = Debug|Any CPU
		{72218276-C03B-4908-BF7C-C42015585908}.Debug|Any CPU.Build.0 = Debug|Any CPU
		{72218276-C03B-4908-BF7C-C42015585908}.Release|Any CPU.ActiveCfg = Release|Any CPU
		{72218276-C03B-4908-BF7C-C42015585908}.Release|Any CPU.Build.0 = Release|Any CPU
	EndGlobalSection
	GlobalSection(SolutionProperties) = preSolution
		HideSolutionNode = FALSE
	EndGlobalSection
	GlobalSection(ExtensibilityGlobals) = postSolution
		SolutionGuid = {CFD35A7D-BB0D-46EC-9CFC-C84EBFDAD3E9}
	EndGlobalSection
EndGlobal
